
Microsoft Visual Studio Solution File, Format Version 12.00
# Visual Studio Version 17
VisualStudioVersion = 17.9.34723.18
MinimumVisualStudioVersion = 10.0.40219.1
Project("{2150E333-8FDC-42A3-9474-1A3956D46DE8}") = "src", "src", "{53FAD28D-1F24-44B9-BF75-139E96A95E07}"
EndProject
Project("{FAE04EC0-301F-11D3-BF4B-00C04F79EFBC}") = "ACL.Web", "src\ACL.Web\ACL.Web.csproj", "{5EA6DEF2-76C2-46A8-9543-A9332456E123}"
EndProject
Project("{FAE04EC0-301F-11D3-BF4B-00C04F79EFBC}") = "ACL.Application", "src\ACL.Application\ACL.Application.csproj", "{BB1873E1-5F6C-4064-AE5F-37CC29E7E6BC}"
EndProject
Project("{FAE04EC0-301F-11D3-BF4B-00C04F79EFBC}") = "ACL.Core", "src\ACL.Core\ACL.Core.csproj", "{3C832662-EAB4-4FCF-A227-C5711B8F8223}"
EndProject
Project("{FAE04EC0-301F-11D3-BF4B-00C04F79EFBC}") = "ACL.Contracts", "src\ACL.Contracts\ACL.Contracts.csproj", "{487AC5F2-E140-4D6C-B10B-3AB6226F2165}"
EndProject
Project("{FAE04EC0-301F-11D3-BF4B-00C04F79EFBC}") = "ACL.Infrastructure", "src\ACL.Infrastructure\ACL.Infrastructure.csproj", "{E38C4272-C382-4D18-ADCD-708913B9F45B}"
EndProject
Project("{2150E333-8FDC-42A3-9474-1A3956D46DE8}") = "test", "test", "{ACD2BD24-4495-4D8A-B26C-D5D3B3717BA1}"
EndProject
Project("{FAE04EC0-301F-11D3-BF4B-00C04F79EFBC}") = "ACL.TEST", "test\ACL.TEST\ACL.TEST.csproj", "{64B2EAFB-3BCE-40BA-B7DA-5A19A5C02883}"
EndProject
Project("{FAE04EC0-301F-11D3-BF4B-00C04F79EFBC}") = "SharedLibrary", "..\SharedLibrary\SharedLibrary.csproj", "{BB3EC72C-0B71-4506-A8ED-884A526A4A35}"
EndProject
Global
	GlobalSection(SolutionConfigurationPlatforms) = preSolution
		Debug|Any CPU = Debug|Any CPU
		Release|Any CPU = Release|Any CPU
	EndGlobalSection
	GlobalSection(ProjectConfigurationPlatforms) = postSolution
		{34D9AEFE-F14A-4CB4-B0C8-DE4B6DFFA5CD}.Debug|Any CPU.ActiveCfg = Debug|Any CPU
		{34D9AEFE-F14A-4CB4-B0C8-DE4B6DFFA5CD}.Debug|Any CPU.Build.0 = Debug|Any CPU
		{34D9AEFE-F14A-4CB4-B0C8-DE4B6DFFA5CD}.Release|Any CPU.ActiveCfg = Release|Any CPU
		{34D9AEFE-F14A-4CB4-B0C8-DE4B6DFFA5CD}.Release|Any CPU.Build.0 = Release|Any CPU
		{E3B3C40A-179E-478F-97D1-AFCCE145E277}.Debug|Any CPU.ActiveCfg = Debug|Any CPU
		{E3B3C40A-179E-478F-97D1-AFCCE145E277}.Debug|Any CPU.Build.0 = Debug|Any CPU
		{E3B3C40A-179E-478F-97D1-AFCCE145E277}.Release|Any CPU.ActiveCfg = Release|Any CPU
		{E3B3C40A-179E-478F-97D1-AFCCE145E277}.Release|Any CPU.Build.0 = Release|Any CPU
		{C78C5A9C-0078-4961-8AE6-91A5FB7F13B2}.Debug|Any CPU.ActiveCfg = Debug|Any CPU
		{C78C5A9C-0078-4961-8AE6-91A5FB7F13B2}.Debug|Any CPU.Build.0 = Debug|Any CPU
		{C78C5A9C-0078-4961-8AE6-91A5FB7F13B2}.Release|Any CPU.ActiveCfg = Release|Any CPU
		{C78C5A9C-0078-4961-8AE6-91A5FB7F13B2}.Release|Any CPU.Build.0 = Release|Any CPU
		{9597F9EF-AF98-4788-A355-F321E5D8D121}.Debug|Any CPU.ActiveCfg = Debug|Any CPU
		{9597F9EF-AF98-4788-A355-F321E5D8D121}.Debug|Any CPU.Build.0 = Debug|Any CPU
		{9597F9EF-AF98-4788-A355-F321E5D8D121}.Release|Any CPU.ActiveCfg = Release|Any CPU
		{9597F9EF-AF98-4788-A355-F321E5D8D121}.Release|Any CPU.Build.0 = Release|Any CPU
		{824FC178-028B-4EC6-9953-65AF86F41C36}.Debug|Any CPU.ActiveCfg = Debug|Any CPU
		{824FC178-028B-4EC6-9953-65AF86F41C36}.Debug|Any CPU.Build.0 = Debug|Any CPU
		{824FC178-028B-4EC6-9953-65AF86F41C36}.Release|Any CPU.ActiveCfg = Release|Any CPU
		{824FC178-028B-4EC6-9953-65AF86F41C36}.Release|Any CPU.Build.0 = Release|Any CPU
		{757EA5B8-6111-4F22-8CD6-F1C54A912D68}.Debug|Any CPU.ActiveCfg = Debug|Any CPU
		{757EA5B8-6111-4F22-8CD6-F1C54A912D68}.Debug|Any CPU.Build.0 = Debug|Any CPU
		{757EA5B8-6111-4F22-8CD6-F1C54A912D68}.Release|Any CPU.ActiveCfg = Release|Any CPU
		{757EA5B8-6111-4F22-8CD6-F1C54A912D68}.Release|Any CPU.Build.0 = Release|Any CPU
		{6FF4CAEB-621B-4B84-AD13-AFE51738AB31}.Debug|Any CPU.ActiveCfg = Debug|Any CPU
		{6FF4CAEB-621B-4B84-AD13-AFE51738AB31}.Debug|Any CPU.Build.0 = Debug|Any CPU
		{6FF4CAEB-621B-4B84-AD13-AFE51738AB31}.Release|Any CPU.ActiveCfg = Release|Any CPU
		{6FF4CAEB-621B-4B84-AD13-AFE51738AB31}.Release|Any CPU.Build.0 = Release|Any CPU
		{9FEA8150-0A0E-423F-987F-0122EA065616}.Debug|Any CPU.ActiveCfg = Debug|Any CPU
		{9FEA8150-0A0E-423F-987F-0122EA065616}.Debug|Any CPU.Build.0 = Debug|Any CPU
		{9FEA8150-0A0E-423F-987F-0122EA065616}.Release|Any CPU.ActiveCfg = Release|Any CPU
		{9FEA8150-0A0E-423F-987F-0122EA065616}.Release|Any CPU.Build.0 = Release|Any CPU
		{29938C4A-64A3-4785-A4D4-1EE78D0469B1}.Debug|Any CPU.ActiveCfg = Debug|Any CPU
		{29938C4A-64A3-4785-A4D4-1EE78D0469B1}.Debug|Any CPU.Build.0 = Debug|Any CPU
		{29938C4A-64A3-4785-A4D4-1EE78D0469B1}.Release|Any CPU.ActiveCfg = Release|Any CPU
		{29938C4A-64A3-4785-A4D4-1EE78D0469B1}.Release|Any CPU.Build.0 = Release|Any CPU
		{C39E0333-EBDC-42EE-BE23-DE1B02F7E201}.Debug|Any CPU.ActiveCfg = Debug|Any CPU
		{C39E0333-EBDC-42EE-BE23-DE1B02F7E201}.Debug|Any CPU.Build.0 = Debug|Any CPU
		{C39E0333-EBDC-42EE-BE23-DE1B02F7E201}.Release|Any CPU.ActiveCfg = Release|Any CPU
		{C39E0333-EBDC-42EE-BE23-DE1B02F7E201}.Release|Any CPU.Build.0 = Release|Any CPU
		{94814386-126A-47F0-B423-7B010B5075A3}.Debug|Any CPU.ActiveCfg = Debug|Any CPU
		{94814386-126A-47F0-B423-7B010B5075A3}.Debug|Any CPU.Build.0 = Debug|Any CPU
		{94814386-126A-47F0-B423-7B010B5075A3}.Release|Any CPU.ActiveCfg = Release|Any CPU
		{94814386-126A-47F0-B423-7B010B5075A3}.Release|Any CPU.Build.0 = Release|Any CPU
		{B4ADB55D-44DF-4E50-A4B2-017215B95448}.Debug|Any CPU.ActiveCfg = Debug|Any CPU
		{B4ADB55D-44DF-4E50-A4B2-017215B95448}.Debug|Any CPU.Build.0 = Debug|Any CPU
		{B4ADB55D-44DF-4E50-A4B2-017215B95448}.Release|Any CPU.ActiveCfg = Release|Any CPU
		{B4ADB55D-44DF-4E50-A4B2-017215B95448}.Release|Any CPU.Build.0 = Release|Any CPU
		{5EA6DEF2-76C2-46A8-9543-A9332456E123}.Debug|Any CPU.ActiveCfg = Debug|Any CPU
		{5EA6DEF2-76C2-46A8-9543-A9332456E123}.Debug|Any CPU.Build.0 = Debug|Any CPU
		{5EA6DEF2-76C2-46A8-9543-A9332456E123}.Release|Any CPU.ActiveCfg = Release|Any CPU
		{5EA6DEF2-76C2-46A8-9543-A9332456E123}.Release|Any CPU.Build.0 = Release|Any CPU
		{BB1873E1-5F6C-4064-AE5F-37CC29E7E6BC}.Debug|Any CPU.ActiveCfg = Debug|Any CPU
		{BB1873E1-5F6C-4064-AE5F-37CC29E7E6BC}.Debug|Any CPU.Build.0 = Debug|Any CPU
		{BB1873E1-5F6C-4064-AE5F-37CC29E7E6BC}.Release|Any CPU.ActiveCfg = Release|Any CPU
		{BB1873E1-5F6C-4064-AE5F-37CC29E7E6BC}.Release|Any CPU.Build.0 = Release|Any CPU
		{3C832662-EAB4-4FCF-A227-C5711B8F8223}.Debug|Any CPU.ActiveCfg = Debug|Any CPU
		{3C832662-EAB4-4FCF-A227-C5711B8F8223}.Debug|Any CPU.Build.0 = Debug|Any CPU
		{3C832662-EAB4-4FCF-A227-C5711B8F8223}.Release|Any CPU.ActiveCfg = Release|Any CPU
		{3C832662-EAB4-4FCF-A227-C5711B8F8223}.Release|Any CPU.Build.0 = Release|Any CPU
		{487AC5F2-E140-4D6C-B10B-3AB6226F2165}.Debug|Any CPU.ActiveCfg = Debug|Any CPU
		{487AC5F2-E140-4D6C-B10B-3AB6226F2165}.Debug|Any CPU.Build.0 = Debug|Any CPU
		{487AC5F2-E140-4D6C-B10B-3AB6226F2165}.Release|Any CPU.ActiveCfg = Release|Any CPU
		{487AC5F2-E140-4D6C-B10B-3AB6226F2165}.Release|Any CPU.Build.0 = Release|Any CPU
		{E38C4272-C382-4D18-ADCD-708913B9F45B}.Debug|Any CPU.ActiveCfg = Debug|Any CPU
		{E38C4272-C382-4D18-ADCD-708913B9F45B}.Debug|Any CPU.Build.0 = Debug|Any CPU
		{E38C4272-C382-4D18-ADCD-708913B9F45B}.Release|Any CPU.ActiveCfg = Release|Any CPU
		{E38C4272-C382-4D18-ADCD-708913B9F45B}.Release|Any CPU.Build.0 = Release|Any CPU
		{64B2EAFB-3BCE-40BA-B7DA-5A19A5C02883}.Debug|Any CPU.ActiveCfg = Debug|Any CPU
		{64B2EAFB-3BCE-40BA-B7DA-5A19A5C02883}.Debug|Any CPU.Build.0 = Debug|Any CPU
		{64B2EAFB-3BCE-40BA-B7DA-5A19A5C02883}.Release|Any CPU.ActiveCfg = Release|Any CPU
		{64B2EAFB-3BCE-40BA-B7DA-5A19A5C02883}.Release|Any CPU.Build.0 = Release|Any CPU
		{BB3EC72C-0B71-4506-A8ED-884A526A4A35}.Debug|Any CPU.ActiveCfg = Debug|Any CPU
		{BB3EC72C-0B71-4506-A8ED-884A526A4A35}.Debug|Any CPU.Build.0 = Debug|Any CPU
		{BB3EC72C-0B71-4506-A8ED-884A526A4A35}.Release|Any CPU.ActiveCfg = Release|Any CPU
		{BB3EC72C-0B71-4506-A8ED-884A526A4A35}.Release|Any CPU.Build.0 = Release|Any CPU
	EndGlobalSection
	GlobalSection(SolutionProperties) = preSolution
		HideSolutionNode = FALSE
	EndGlobalSection
	GlobalSection(ExtensibilityGlobals) = postSolution
		SolutionGuid = {D8B6D463-D292-4CA0-841E-E69F44B174ED}
	EndGlobalSection
	GlobalSection(NestedProjects) = preSolution
		{5EA6DEF2-76C2-46A8-9543-A9332456E123} = {53FAD28D-1F24-44B9-BF75-139E96A95E07}
		{BB1873E1-5F6C-4064-AE5F-37CC29E7E6BC} = {53FAD28D-1F24-44B9-BF75-139E96A95E07}
		{3C832662-EAB4-4FCF-A227-C5711B8F8223} = {53FAD28D-1F24-44B9-BF75-139E96A95E07}
		{487AC5F2-E140-4D6C-B10B-3AB6226F2165} = {53FAD28D-1F24-44B9-BF75-139E96A95E07}
		{E38C4272-C382-4D18-ADCD-708913B9F45B} = {53FAD28D-1F24-44B9-BF75-139E96A95E07}
		{64B2EAFB-3BCE-40BA-B7DA-5A19A5C02883} = {ACD2BD24-4495-4D8A-B26C-D5D3B3717BA1}
	EndGlobalSection
EndGlobal
