
Microsoft Visual Studio Solution File, Format Version 12.00
# Visual Studio Version 17
VisualStudioVersion = 17.9.34723.18
MinimumVisualStudioVersion = 10.0.40219.1
Project("{2150E333-8FDC-42A3-9474-1A3956D46DE8}") = "src", "src", "{53FAD28D-1F24-44B9-BF75-139E96A95E07}"
EndProject
Project("{9A19103F-16F7-4668-BE54-9A1E7A4F7556}") = "ACL.Web", "src\ACL.Web\ACL.Web.csproj", "{BB1873E1-5F6C-4064-AE5F-37CC29E7E6BC}"
EndProject
Project("{9A19103F-16F7-4668-BE54-9A1E7A4F7556}") = "ACL.Business", "src\ACL.Business\ACL.Business.csproj", "{96A0F48D-AB5A-4B2A-838F-17A4D42D5F9E}"
EndProject
Project("{2150E333-8FDC-42A3-9474-1A3956D46DE8}") = "test", "test", "{ACD2BD24-4495-4D8A-B26C-D5D3B3717BA1}"
EndProject
Project("{9A19103F-16F7-4668-BE54-9A1E7A4F7556}") = "ACL.Test", "test\ACL.Test\ACL.Test.csproj", "{64B2EAFB-3BCE-40BA-B7DA-5A19A5C02883}"
EndProject
Project("{2150E333-8FDC-42A3-9474-1A3956D46DE8}") = "Solution Items", "Solution Items", "{2B38B16A-C160-46D9-A2A0-623736A98415}"
	ProjectSection(SolutionItems) = preProject
		.editorconfig = .editorconfig
	EndProjectSection
EndProject
Project("{9A19103F-16F7-4668-BE54-9A1E7A4F7556}") = "SharedKernel.Main", "..\SharedKernel\src\SharedKernel.Main\SharedKernel.Main.csproj", "{9ED2F1F6-0B63-4A44-8DFA-EBBCD57FA627}"
EndProject
Global
	GlobalSection(SolutionConfigurationPlatforms) = preSolution
		Debug|Any CPU = Debug|Any CPU
		Release|Any CPU = Release|Any CPU
	EndGlobalSection
	GlobalSection(ProjectConfigurationPlatforms) = postSolution
		{BB1873E1-5F6C-4064-AE5F-37CC29E7E6BC}.Debug|Any CPU.ActiveCfg = Debug|Any CPU
		{BB1873E1-5F6C-4064-AE5F-37CC29E7E6BC}.Debug|Any CPU.Build.0 = Debug|Any CPU
		{BB1873E1-5F6C-4064-AE5F-37CC29E7E6BC}.Release|Any CPU.ActiveCfg = Release|Any CPU
		{BB1873E1-5F6C-4064-AE5F-37CC29E7E6BC}.Release|Any CPU.Build.0 = Release|Any CPU
		{96A0F48D-AB5A-4B2A-838F-17A4D42D5F9E}.Debug|Any CPU.ActiveCfg = Debug|Any CPU
		{96A0F48D-AB5A-4B2A-838F-17A4D42D5F9E}.Debug|Any CPU.Build.0 = Debug|Any CPU
		{96A0F48D-AB5A-4B2A-838F-17A4D42D5F9E}.Release|Any CPU.ActiveCfg = Release|Any CPU
		{96A0F48D-AB5A-4B2A-838F-17A4D42D5F9E}.Release|Any CPU.Build.0 = Release|Any CPU
		{64B2EAFB-3BCE-40BA-B7DA-5A19A5C02883}.Debug|Any CPU.ActiveCfg = Debug|Any CPU
		{64B2EAFB-3BCE-40BA-B7DA-5A19A5C02883}.Debug|Any CPU.Build.0 = Debug|Any CPU
		{64B2EAFB-3BCE-40BA-B7DA-5A19A5C02883}.Release|Any CPU.ActiveCfg = Release|Any CPU
		{64B2EAFB-3BCE-40BA-B7DA-5A19A5C02883}.Release|Any CPU.Build.0 = Release|Any CPU
		{9ED2F1F6-0B63-4A44-8DFA-EBBCD57FA627}.Debug|Any CPU.ActiveCfg = Debug|Any CPU
		{9ED2F1F6-0B63-4A44-8DFA-EBBCD57FA627}.Debug|Any CPU.Build.0 = Debug|Any CPU
		{9ED2F1F6-0B63-4A44-8DFA-EBBCD57FA627}.Release|Any CPU.ActiveCfg = Release|Any CPU
		{9ED2F1F6-0B63-4A44-8DFA-EBBCD57FA627}.Release|Any CPU.Build.0 = Release|Any CPU
	EndGlobalSection
	GlobalSection(SolutionProperties) = preSolution
		HideSolutionNode = FALSE
	EndGlobalSection
	GlobalSection(NestedProjects) = preSolution
		{BB1873E1-5F6C-4064-AE5F-37CC29E7E6BC} = {53FAD28D-1F24-44B9-BF75-139E96A95E07}
		{64B2EAFB-3BCE-40BA-B7DA-5A19A5C02883} = {ACD2BD24-4495-4D8A-B26C-D5D3B3717BA1}
	EndGlobalSection
	GlobalSection(ExtensibilityGlobals) = postSolution
		SolutionGuid = {D8B6D463-D292-4CA0-841E-E69F44B174ED}
	EndGlobalSection
EndGlobal
