
Microsoft Visual Studio Solution File, Format Version 12.00
# Visual Studio Version 17
VisualStudioVersion = 17.10.35004.147
MinimumVisualStudioVersion = 10.0.40219.1
Project("{FAE04EC0-301F-11D3-BF4B-00C04F79EFBC}") = "NOTIFICATION.Web", "NOTIFICATION.Web.csproj", "{D0F1178D-0744-46C6-A822-3044D7FEA9A8}"
EndProject
Project("{FAE04EC0-301F-11D3-BF4B-00C04F79EFBC}") = "NOTIFICATION.Application", "..\NOTIFICATION.Application\NOTIFICATION.Application.csproj", "{243E8306-DF1B-452E-BC60-9EDE4C107DC9}"
EndProject
Project("{FAE04EC0-301F-11D3-BF4B-00C04F79EFBC}") = "NOTIFICATION.Core", "..\NOTIFICATION.Core\NOTIFICATION.Core.csproj", "{2A2B244E-92FC-445A-8ABC-D695D376E4ED}"
EndProject
Project("{FAE04EC0-301F-11D3-BF4B-00C04F79EFBC}") = "NOTIFICATION.Contracts", "..\NOTIFICATION.Contracts\NOTIFICATION.Contracts.csproj", "{36DB185E-E31E-46E6-9005-192CFA0AEF80}"
EndProject
Project("{FAE04EC0-301F-11D3-BF4B-00C04F79EFBC}") = "NOTIFICATION.Infrastructure", "..\NOTIFICATION.Infrastructure\NOTIFICATION.Infrastructure.csproj", "{9C0054AF-B78F-4669-A901-4CF3F3A53056}"
EndProject
Global
	GlobalSection(SolutionConfigurationPlatforms) = preSolution
		Debug|Any CPU = Debug|Any CPU
		Release|Any CPU = Release|Any CPU
	EndGlobalSection
	GlobalSection(ProjectConfigurationPlatforms) = postSolution
		{D0F1178D-0744-46C6-A822-3044D7FEA9A8}.Debug|Any CPU.ActiveCfg = Debug|Any CPU
		{D0F1178D-0744-46C6-A822-3044D7FEA9A8}.Debug|Any CPU.Build.0 = Debug|Any CPU
		{D0F1178D-0744-46C6-A822-3044D7FEA9A8}.Release|Any CPU.ActiveCfg = Release|Any CPU
		{D0F1178D-0744-46C6-A822-3044D7FEA9A8}.Release|Any CPU.Build.0 = Release|Any CPU
		{243E8306-DF1B-452E-BC60-9EDE4C107DC9}.Debug|Any CPU.ActiveCfg = Debug|Any CPU
		{243E8306-DF1B-452E-BC60-9EDE4C107DC9}.Debug|Any CPU.Build.0 = Debug|Any CPU
		{243E8306-DF1B-452E-BC60-9EDE4C107DC9}.Release|Any CPU.ActiveCfg = Release|Any CPU
		{243E8306-DF1B-452E-BC60-9EDE4C107DC9}.Release|Any CPU.Build.0 = Release|Any CPU
		{2A2B244E-92FC-445A-8ABC-D695D376E4ED}.Debug|Any CPU.ActiveCfg = Debug|Any CPU
		{2A2B244E-92FC-445A-8ABC-D695D376E4ED}.Debug|Any CPU.Build.0 = Debug|Any CPU
		{2A2B244E-92FC-445A-8ABC-D695D376E4ED}.Release|Any CPU.ActiveCfg = Release|Any CPU
		{2A2B244E-92FC-445A-8ABC-D695D376E4ED}.Release|Any CPU.Build.0 = Release|Any CPU
		{36DB185E-E31E-46E6-9005-192CFA0AEF80}.Debug|Any CPU.ActiveCfg = Debug|Any CPU
		{36DB185E-E31E-46E6-9005-192CFA0AEF80}.Debug|Any CPU.Build.0 = Debug|Any CPU
		{36DB185E-E31E-46E6-9005-192CFA0AEF80}.Release|Any CPU.ActiveCfg = Release|Any CPU
		{36DB185E-E31E-46E6-9005-192CFA0AEF80}.Release|Any CPU.Build.0 = Release|Any CPU
		{9C0054AF-B78F-4669-A901-4CF3F3A53056}.Debug|Any CPU.ActiveCfg = Debug|Any CPU
		{9C0054AF-B78F-4669-A901-4CF3F3A53056}.Debug|Any CPU.Build.0 = Debug|Any CPU
		{9C0054AF-B78F-4669-A901-4CF3F3A53056}.Release|Any CPU.ActiveCfg = Release|Any CPU
		{9C0054AF-B78F-4669-A901-4CF3F3A53056}.Release|Any CPU.Build.0 = Release|Any CPU
	EndGlobalSection
	GlobalSection(SolutionProperties) = preSolution
		HideSolutionNode = FALSE
	EndGlobalSection
	GlobalSection(ExtensibilityGlobals) = postSolution
		SolutionGuid = {CB49EA98-00B9-41B7-AB39-D4A676014FC3}
	EndGlobalSection
EndGlobal
