
Microsoft Visual Studio Solution File, Format Version 12.00
# Visual Studio Version 17
VisualStudioVersion = 17.9.34902.65
MinimumVisualStudioVersion = 10.0.40219.1
Project("{2150E333-8FDC-42A3-9474-1A3956D46DE8}") = "ACL", "ACL", "{43BAA4F0-74FD-4938-B57B-12B19207B152}"
EndProject
Project("{2150E333-8FDC-42A3-9474-1A3956D46DE8}") = "src", "src", "{8AB03F94-8F94-4FA4-AC2A-3538B1A66788}"
EndProject
Project("{9A19103F-16F7-4668-BE54-9A1E7A4F7556}") = "ACL.App", "ACL\src\ACL.App\ACL.App.csproj", "{5828BE75-E91F-4163-99E5-905F0EE3703B}"
EndProject
Project("{2150E333-8FDC-42A3-9474-1A3956D46DE8}") = "IMT", "IMT", "{6C0E7DDD-68E8-41BF-A38D-059C383314D9}"
EndProject
Project("{2150E333-8FDC-42A3-9474-1A3956D46DE8}") = "src", "src", "{4708FC81-108F-495E-9196-396CB7A50872}"
EndProject
Project("{9A19103F-16F7-4668-BE54-9A1E7A4F7556}") = "IMT.App", "IMT\src\IMT.App\IMT.App.csproj", "{36679457-D641-4746-A338-FB122A49A21A}"
EndProject
Project("{9A19103F-16F7-4668-BE54-9A1E7A4F7556}") = "Thunes", "IMT\src\Thunes\Thunes.csproj", "{1781549F-FBFF-4EBB-BBBB-7A6E5EE63F76}"
EndProject
Project("{9A19103F-16F7-4668-BE54-9A1E7A4F7556}") = "PayAll", "IMT\src\PayAll\PayAll.csproj", "{5FD4E675-B214-44AE-8E58-06F33CAB5F64}"
EndProject
Project("{2150E333-8FDC-42A3-9474-1A3956D46DE8}") = "Notification", "Notification", "{B9F8AA70-054A-45C7-B4AC-9D673ED0C5C2}"
EndProject
Project("{2150E333-8FDC-42A3-9474-1A3956D46DE8}") = "src", "src", "{CEEB9550-CFC7-4A69-82EB-5DD1CEFCEAD4}"
EndProject
Project("{9A19103F-16F7-4668-BE54-9A1E7A4F7556}") = "Notification.App", "Notification\src\Notification.App\Notification.App.csproj", "{282B7DCD-7249-4BA4-B66F-B4BF1E677EC2}"
EndProject
Project("{9A19103F-16F7-4668-BE54-9A1E7A4F7556}") = "PayAll.Sample", "IMT\src\PayAll.Sample\PayAll.Sample.csproj", "{43E89E6F-03AD-4402-8B82-1F2567BBB4C9}"
EndProject
Project("{9A19103F-16F7-4668-BE54-9A1E7A4F7556}") = "Thunes.Sample", "IMT\src\Thunes.Sample\Thunes.Sample.csproj", "{34335AEF-37D7-43DB-8497-F54E31267116}"
EndProject
Project("{2150E333-8FDC-42A3-9474-1A3956D46DE8}") = "test", "test", "{0EBD1495-7C28-43A5-871B-6AE5219FC28E}"
EndProject
Project("{9A19103F-16F7-4668-BE54-9A1E7A4F7556}") = "ACL.Test", "ACL\test\ACL.Test\ACL.Test.csproj", "{15F19B04-7A36-48F2-8020-C0CA798975AD}"
EndProject
Project("{2150E333-8FDC-42A3-9474-1A3956D46DE8}") = "Admin", "Admin", "{DB4A18EA-A513-4217-A1FE-235DD5D39E81}"
EndProject
Project("{2150E333-8FDC-42A3-9474-1A3956D46DE8}") = "src", "src", "{E7989FB0-DE0C-4021-87FF-744DEC1D54C3}"
EndProject
Project("{9A19103F-16F7-4668-BE54-9A1E7A4F7556}") = "Admin.App", "Admin\src\Admin.App\Admin.App.csproj", "{9CC758B8-6712-4940-A732-4021C5E42B5C}"
EndProject
Project("{2150E333-8FDC-42A3-9474-1A3956D46DE8}") = "SharedKernel", "SharedKernel", "{1AE9F41A-6CDF-4CC7-9F05-3A8B86C0574C}"
EndProject
Project("{2150E333-8FDC-42A3-9474-1A3956D46DE8}") = "src", "src", "{548CA471-9871-435C-A1FA-320B7E795594}"
EndProject
Project("{9A19103F-16F7-4668-BE54-9A1E7A4F7556}") = "SharedKernel.Main", "SharedKernel\src\SharedKernel.Main\SharedKernel.Main.csproj", "{F7C81389-BFBC-4DA5-9DEF-C4598546D0E9}"
EndProject
Project("{2150E333-8FDC-42A3-9474-1A3956D46DE8}") = "Solution Items", "Solution Items", "{609F0C7D-42B5-410C-8E68-4DAB56CF199B}"
	ProjectSection(SolutionItems) = preProject
		.editorconfig = .editorconfig
	EndProjectSection
EndProject
Project("{FAE04EC0-301F-11D3-BF4B-00C04F79EFBC}") = "SharedBusiness.Main", "SharedBusiness\src\SharedBusiness.Main\SharedBusiness.Main.csproj", "{440D883C-F85F-4F19-A9FE-09508CF713D2}"
EndProject
Global
	GlobalSection(SolutionConfigurationPlatforms) = preSolution
		Debug|Any CPU = Debug|Any CPU
		Release|Any CPU = Release|Any CPU
	EndGlobalSection
	GlobalSection(ProjectConfigurationPlatforms) = postSolution
		{5828BE75-E91F-4163-99E5-905F0EE3703B}.Debug|Any CPU.ActiveCfg = Debug|Any CPU
		{5828BE75-E91F-4163-99E5-905F0EE3703B}.Debug|Any CPU.Build.0 = Debug|Any CPU
		{5828BE75-E91F-4163-99E5-905F0EE3703B}.Release|Any CPU.ActiveCfg = Release|Any CPU
		{5828BE75-E91F-4163-99E5-905F0EE3703B}.Release|Any CPU.Build.0 = Release|Any CPU
		{36679457-D641-4746-A338-FB122A49A21A}.Debug|Any CPU.ActiveCfg = Debug|Any CPU
		{36679457-D641-4746-A338-FB122A49A21A}.Debug|Any CPU.Build.0 = Debug|Any CPU
		{36679457-D641-4746-A338-FB122A49A21A}.Release|Any CPU.ActiveCfg = Release|Any CPU
		{36679457-D641-4746-A338-FB122A49A21A}.Release|Any CPU.Build.0 = Release|Any CPU
		{1781549F-FBFF-4EBB-BBBB-7A6E5EE63F76}.Debug|Any CPU.ActiveCfg = Debug|Any CPU
		{1781549F-FBFF-4EBB-BBBB-7A6E5EE63F76}.Debug|Any CPU.Build.0 = Debug|Any CPU
		{1781549F-FBFF-4EBB-BBBB-7A6E5EE63F76}.Release|Any CPU.ActiveCfg = Release|Any CPU
		{1781549F-FBFF-4EBB-BBBB-7A6E5EE63F76}.Release|Any CPU.Build.0 = Release|Any CPU
		{5FD4E675-B214-44AE-8E58-06F33CAB5F64}.Debug|Any CPU.ActiveCfg = Debug|Any CPU
		{5FD4E675-B214-44AE-8E58-06F33CAB5F64}.Debug|Any CPU.Build.0 = Debug|Any CPU
		{5FD4E675-B214-44AE-8E58-06F33CAB5F64}.Release|Any CPU.ActiveCfg = Release|Any CPU
		{5FD4E675-B214-44AE-8E58-06F33CAB5F64}.Release|Any CPU.Build.0 = Release|Any CPU
		{282B7DCD-7249-4BA4-B66F-B4BF1E677EC2}.Debug|Any CPU.ActiveCfg = Debug|Any CPU
		{282B7DCD-7249-4BA4-B66F-B4BF1E677EC2}.Debug|Any CPU.Build.0 = Debug|Any CPU
		{282B7DCD-7249-4BA4-B66F-B4BF1E677EC2}.Release|Any CPU.ActiveCfg = Release|Any CPU
		{282B7DCD-7249-4BA4-B66F-B4BF1E677EC2}.Release|Any CPU.Build.0 = Release|Any CPU
		{43E89E6F-03AD-4402-8B82-1F2567BBB4C9}.Debug|Any CPU.ActiveCfg = Debug|Any CPU
		{43E89E6F-03AD-4402-8B82-1F2567BBB4C9}.Debug|Any CPU.Build.0 = Debug|Any CPU
		{43E89E6F-03AD-4402-8B82-1F2567BBB4C9}.Release|Any CPU.ActiveCfg = Release|Any CPU
		{43E89E6F-03AD-4402-8B82-1F2567BBB4C9}.Release|Any CPU.Build.0 = Release|Any CPU
		{34335AEF-37D7-43DB-8497-F54E31267116}.Debug|Any CPU.ActiveCfg = Debug|Any CPU
		{34335AEF-37D7-43DB-8497-F54E31267116}.Debug|Any CPU.Build.0 = Debug|Any CPU
		{34335AEF-37D7-43DB-8497-F54E31267116}.Release|Any CPU.ActiveCfg = Release|Any CPU
		{34335AEF-37D7-43DB-8497-F54E31267116}.Release|Any CPU.Build.0 = Release|Any CPU
		{15F19B04-7A36-48F2-8020-C0CA798975AD}.Debug|Any CPU.ActiveCfg = Debug|Any CPU
		{15F19B04-7A36-48F2-8020-C0CA798975AD}.Debug|Any CPU.Build.0 = Debug|Any CPU
		{15F19B04-7A36-48F2-8020-C0CA798975AD}.Release|Any CPU.ActiveCfg = Release|Any CPU
		{15F19B04-7A36-48F2-8020-C0CA798975AD}.Release|Any CPU.Build.0 = Release|Any CPU
		{9CC758B8-6712-4940-A732-4021C5E42B5C}.Debug|Any CPU.ActiveCfg = Debug|Any CPU
		{9CC758B8-6712-4940-A732-4021C5E42B5C}.Debug|Any CPU.Build.0 = Debug|Any CPU
		{9CC758B8-6712-4940-A732-4021C5E42B5C}.Release|Any CPU.ActiveCfg = Release|Any CPU
		{9CC758B8-6712-4940-A732-4021C5E42B5C}.Release|Any CPU.Build.0 = Release|Any CPU
		{F7C81389-BFBC-4DA5-9DEF-C4598546D0E9}.Debug|Any CPU.ActiveCfg = Debug|Any CPU
		{F7C81389-BFBC-4DA5-9DEF-C4598546D0E9}.Debug|Any CPU.Build.0 = Debug|Any CPU
		{F7C81389-BFBC-4DA5-9DEF-C4598546D0E9}.Release|Any CPU.ActiveCfg = Release|Any CPU
		{F7C81389-BFBC-4DA5-9DEF-C4598546D0E9}.Release|Any CPU.Build.0 = Release|Any CPU
		{440D883C-F85F-4F19-A9FE-09508CF713D2}.Debug|Any CPU.ActiveCfg = Debug|Any CPU
		{440D883C-F85F-4F19-A9FE-09508CF713D2}.Debug|Any CPU.Build.0 = Debug|Any CPU
		{440D883C-F85F-4F19-A9FE-09508CF713D2}.Release|Any CPU.ActiveCfg = Release|Any CPU
		{440D883C-F85F-4F19-A9FE-09508CF713D2}.Release|Any CPU.Build.0 = Release|Any CPU
	EndGlobalSection
	GlobalSection(SolutionProperties) = preSolution
		HideSolutionNode = FALSE
	EndGlobalSection
	GlobalSection(NestedProjects) = preSolution
		{8AB03F94-8F94-4FA4-AC2A-3538B1A66788} = {43BAA4F0-74FD-4938-B57B-12B19207B152}
		{5828BE75-E91F-4163-99E5-905F0EE3703B} = {8AB03F94-8F94-4FA4-AC2A-3538B1A66788}
		{4708FC81-108F-495E-9196-396CB7A50872} = {6C0E7DDD-68E8-41BF-A38D-059C383314D9}
		{36679457-D641-4746-A338-FB122A49A21A} = {4708FC81-108F-495E-9196-396CB7A50872}
		{1781549F-FBFF-4EBB-BBBB-7A6E5EE63F76} = {4708FC81-108F-495E-9196-396CB7A50872}
		{5FD4E675-B214-44AE-8E58-06F33CAB5F64} = {4708FC81-108F-495E-9196-396CB7A50872}
		{CEEB9550-CFC7-4A69-82EB-5DD1CEFCEAD4} = {B9F8AA70-054A-45C7-B4AC-9D673ED0C5C2}
		{282B7DCD-7249-4BA4-B66F-B4BF1E677EC2} = {CEEB9550-CFC7-4A69-82EB-5DD1CEFCEAD4}
		{43E89E6F-03AD-4402-8B82-1F2567BBB4C9} = {4708FC81-108F-495E-9196-396CB7A50872}
		{34335AEF-37D7-43DB-8497-F54E31267116} = {4708FC81-108F-495E-9196-396CB7A50872}
		{0EBD1495-7C28-43A5-871B-6AE5219FC28E} = {43BAA4F0-74FD-4938-B57B-12B19207B152}
		{15F19B04-7A36-48F2-8020-C0CA798975AD} = {0EBD1495-7C28-43A5-871B-6AE5219FC28E}
		{E7989FB0-DE0C-4021-87FF-744DEC1D54C3} = {DB4A18EA-A513-4217-A1FE-235DD5D39E81}
		{9CC758B8-6712-4940-A732-4021C5E42B5C} = {E7989FB0-DE0C-4021-87FF-744DEC1D54C3}
		{548CA471-9871-435C-A1FA-320B7E795594} = {1AE9F41A-6CDF-4CC7-9F05-3A8B86C0574C}
		{F7C81389-BFBC-4DA5-9DEF-C4598546D0E9} = {548CA471-9871-435C-A1FA-320B7E795594}
	EndGlobalSection
	GlobalSection(ExtensibilityGlobals) = postSolution
		SolutionGuid = {0106CF58-EFBB-4504-8ECB-0BEDBD876316}
	EndGlobalSection
EndGlobal
