
Microsoft Visual Studio Solution File, Format Version 12.00
# Visual Studio Version 17
VisualStudioVersion = 17.10.35004.147
MinimumVisualStudioVersion = 10.0.40219.1
Project("{FAE04EC0-301F-11D3-BF4B-00C04F79EFBC}") = "ADMIN.Web", "ADMIN.Web.csproj", "{F894C48A-8040-427C-B407-1EAC9B1D3AB8}"
EndProject
Project("{FAE04EC0-301F-11D3-BF4B-00C04F79EFBC}") = "ADMIN.Application", "..\ADMIN.Application\ADMIN.Application.csproj", "{E5BB29D8-1690-40BF-81DB-FACA6ECDD349}"
EndProject
Project("{FAE04EC0-301F-11D3-BF4B-00C04F79EFBC}") = "ADMIN.Contracts", "..\ADMIN.Contracts\ADMIN.Contracts.csproj", "{6B834F70-F785-40DE-A0AE-87FF2ECE3EFD}"
EndProject
Project("{FAE04EC0-301F-11D3-BF4B-00C04F79EFBC}") = "ADMIN.Core", "..\ADMIN.Core\ADMIN.Core.csproj", "{59805EF0-09CF-45AF-A83B-83C2BA94C0DA}"
EndProject
Project("{FAE04EC0-301F-11D3-BF4B-00C04F79EFBC}") = "ADMIN.Infrastructure", "..\ADMIN.Infrastructure\ADMIN.Infrastructure.csproj", "{A30E63B5-295F-4507-84D6-8E576EC6A886}"
EndProject
Global
	GlobalSection(SolutionConfigurationPlatforms) = preSolution
		Debug|Any CPU = Debug|Any CPU
		Release|Any CPU = Release|Any CPU
	EndGlobalSection
	GlobalSection(ProjectConfigurationPlatforms) = postSolution
		{F894C48A-8040-427C-B407-1EAC9B1D3AB8}.Debug|Any CPU.ActiveCfg = Debug|Any CPU
		{F894C48A-8040-427C-B407-1EAC9B1D3AB8}.Debug|Any CPU.Build.0 = Debug|Any CPU
		{F894C48A-8040-427C-B407-1EAC9B1D3AB8}.Release|Any CPU.ActiveCfg = Release|Any CPU
		{F894C48A-8040-427C-B407-1EAC9B1D3AB8}.Release|Any CPU.Build.0 = Release|Any CPU
		{E5BB29D8-1690-40BF-81DB-FACA6ECDD349}.Debug|Any CPU.ActiveCfg = Debug|Any CPU
		{E5BB29D8-1690-40BF-81DB-FACA6ECDD349}.Debug|Any CPU.Build.0 = Debug|Any CPU
		{E5BB29D8-1690-40BF-81DB-FACA6ECDD349}.Release|Any CPU.ActiveCfg = Release|Any CPU
		{E5BB29D8-1690-40BF-81DB-FACA6ECDD349}.Release|Any CPU.Build.0 = Release|Any CPU
		{6B834F70-F785-40DE-A0AE-87FF2ECE3EFD}.Debug|Any CPU.ActiveCfg = Debug|Any CPU
		{6B834F70-F785-40DE-A0AE-87FF2ECE3EFD}.Debug|Any CPU.Build.0 = Debug|Any CPU
		{6B834F70-F785-40DE-A0AE-87FF2ECE3EFD}.Release|Any CPU.ActiveCfg = Release|Any CPU
		{6B834F70-F785-40DE-A0AE-87FF2ECE3EFD}.Release|Any CPU.Build.0 = Release|Any CPU
		{59805EF0-09CF-45AF-A83B-83C2BA94C0DA}.Debug|Any CPU.ActiveCfg = Debug|Any CPU
		{59805EF0-09CF-45AF-A83B-83C2BA94C0DA}.Debug|Any CPU.Build.0 = Debug|Any CPU
		{59805EF0-09CF-45AF-A83B-83C2BA94C0DA}.Release|Any CPU.ActiveCfg = Release|Any CPU
		{59805EF0-09CF-45AF-A83B-83C2BA94C0DA}.Release|Any CPU.Build.0 = Release|Any CPU
		{A30E63B5-295F-4507-84D6-8E576EC6A886}.Debug|Any CPU.ActiveCfg = Debug|Any CPU
		{A30E63B5-295F-4507-84D6-8E576EC6A886}.Debug|Any CPU.Build.0 = Debug|Any CPU
		{A30E63B5-295F-4507-84D6-8E576EC6A886}.Release|Any CPU.ActiveCfg = Release|Any CPU
		{A30E63B5-295F-4507-84D6-8E576EC6A886}.Release|Any CPU.Build.0 = Release|Any CPU
	EndGlobalSection
	GlobalSection(SolutionProperties) = preSolution
		HideSolutionNode = FALSE
	EndGlobalSection
	GlobalSection(ExtensibilityGlobals) = postSolution
		SolutionGuid = {6288FC24-C3EE-4E72-BEAE-B7B79AF2733E}
	EndGlobalSection
EndGlobal
