
Microsoft Visual Studio Solution File, Format Version 12.00
# Visual Studio Version 17
VisualStudioVersion = 17.9.34902.65
MinimumVisualStudioVersion = 10.0.40219.1
Project("{9A19103F-16F7-4668-BE54-9A1E7A4F7556}") = "IMT.Web", "src\IMT.Web\IMT.Web.csproj", "{47355FBB-A927-48CD-9927-70818FBB9846}"
EndProject
Project("{9A19103F-16F7-4668-BE54-9A1E7A4F7556}") = "IMT.Application", "src\IMT.Application\IMT.Application.csproj", "{66D6B811-6BBA-438B-A273-DF162BA402D9}"
EndProject
Project("{9A19103F-16F7-4668-BE54-9A1E7A4F7556}") = "IMT.Contracts", "src\IMT.Contracts\IMT.Contracts.csproj", "{CA134A17-470C-4A35-9ED3-B0B2C662DFB3}"
EndProject
Project("{9A19103F-16F7-4668-BE54-9A1E7A4F7556}") = "IMT.Core", "src\IMT.Core\IMT.Core.csproj", "{59E9C1EE-376F-4482-B2DF-164A2BFAED69}"
EndProject
Project("{9A19103F-16F7-4668-BE54-9A1E7A4F7556}") = "IMT.Infrastructure", "src\IMT.Infrastructure\IMT.Infrastructure.csproj", "{E5867EC1-BB40-41FE-A172-FFC4E38788A8}"
EndProject
Project("{FAE04EC0-301F-11D3-BF4B-00C04F79EFBC}") = "IMT.Thunes", "src\IMT.Thunes\IMT.Thunes.csproj", "{35A4051E-4CE8-4F9D-A122-887A877E5DEC}"
EndProject
Project("{FAE04EC0-301F-11D3-BF4B-00C04F79EFBC}") = "IMT.PayAll", "src\IMT.PayAll\IMT.PayAll.csproj", "{3B738B91-E560-43E1-BE44-19660953AC79}"
EndProject
Project("{FAE04EC0-301F-11D3-BF4B-00C04F79EFBC}") = "IMT.PayAll.Sample", "src\IMT.PayAll.Sample\IMT.PayAll.Sample.csproj", "{C62A0AD1-B5A5-4723-BE1D-5FA1923798CC}"
EndProject
Project("{FAE04EC0-301F-11D3-BF4B-00C04F79EFBC}") = "IMT.Thunes.Sample", "src\IMT.Thunes.Sample\IMT.Thunes.Sample.csproj", "{2E2F7EF8-1A24-49EB-B99B-C8F808250365}"
EndProject
Global
	GlobalSection(SolutionConfigurationPlatforms) = preSolution
		Debug|Any CPU = Debug|Any CPU
		Release|Any CPU = Release|Any CPU
	EndGlobalSection
	GlobalSection(ProjectConfigurationPlatforms) = postSolution
		{47355FBB-A927-48CD-9927-70818FBB9846}.Debug|Any CPU.ActiveCfg = Debug|Any CPU
		{47355FBB-A927-48CD-9927-70818FBB9846}.Debug|Any CPU.Build.0 = Debug|Any CPU
		{47355FBB-A927-48CD-9927-70818FBB9846}.Release|Any CPU.ActiveCfg = Release|Any CPU
		{47355FBB-A927-48CD-9927-70818FBB9846}.Release|Any CPU.Build.0 = Release|Any CPU
		{66D6B811-6BBA-438B-A273-DF162BA402D9}.Debug|Any CPU.ActiveCfg = Debug|Any CPU
		{66D6B811-6BBA-438B-A273-DF162BA402D9}.Debug|Any CPU.Build.0 = Debug|Any CPU
		{66D6B811-6BBA-438B-A273-DF162BA402D9}.Release|Any CPU.ActiveCfg = Release|Any CPU
		{66D6B811-6BBA-438B-A273-DF162BA402D9}.Release|Any CPU.Build.0 = Release|Any CPU
		{CA134A17-470C-4A35-9ED3-B0B2C662DFB3}.Debug|Any CPU.ActiveCfg = Debug|Any CPU
		{CA134A17-470C-4A35-9ED3-B0B2C662DFB3}.Debug|Any CPU.Build.0 = Debug|Any CPU
		{CA134A17-470C-4A35-9ED3-B0B2C662DFB3}.Release|Any CPU.ActiveCfg = Release|Any CPU
		{CA134A17-470C-4A35-9ED3-B0B2C662DFB3}.Release|Any CPU.Build.0 = Release|Any CPU
		{59E9C1EE-376F-4482-B2DF-164A2BFAED69}.Debug|Any CPU.ActiveCfg = Debug|Any CPU
		{59E9C1EE-376F-4482-B2DF-164A2BFAED69}.Debug|Any CPU.Build.0 = Debug|Any CPU
		{59E9C1EE-376F-4482-B2DF-164A2BFAED69}.Release|Any CPU.ActiveCfg = Release|Any CPU
		{59E9C1EE-376F-4482-B2DF-164A2BFAED69}.Release|Any CPU.Build.0 = Release|Any CPU
		{E5867EC1-BB40-41FE-A172-FFC4E38788A8}.Debug|Any CPU.ActiveCfg = Debug|Any CPU
		{E5867EC1-BB40-41FE-A172-FFC4E38788A8}.Debug|Any CPU.Build.0 = Debug|Any CPU
		{E5867EC1-BB40-41FE-A172-FFC4E38788A8}.Release|Any CPU.ActiveCfg = Release|Any CPU
		{E5867EC1-BB40-41FE-A172-FFC4E38788A8}.Release|Any CPU.Build.0 = Release|Any CPU
		{35A4051E-4CE8-4F9D-A122-887A877E5DEC}.Debug|Any CPU.ActiveCfg = Debug|Any CPU
		{35A4051E-4CE8-4F9D-A122-887A877E5DEC}.Debug|Any CPU.Build.0 = Debug|Any CPU
		{35A4051E-4CE8-4F9D-A122-887A877E5DEC}.Release|Any CPU.ActiveCfg = Release|Any CPU
		{35A4051E-4CE8-4F9D-A122-887A877E5DEC}.Release|Any CPU.Build.0 = Release|Any CPU
		{3B738B91-E560-43E1-BE44-19660953AC79}.Debug|Any CPU.ActiveCfg = Debug|Any CPU
		{3B738B91-E560-43E1-BE44-19660953AC79}.Debug|Any CPU.Build.0 = Debug|Any CPU
		{3B738B91-E560-43E1-BE44-19660953AC79}.Release|Any CPU.ActiveCfg = Release|Any CPU
		{3B738B91-E560-43E1-BE44-19660953AC79}.Release|Any CPU.Build.0 = Release|Any CPU
		{C62A0AD1-B5A5-4723-BE1D-5FA1923798CC}.Debug|Any CPU.ActiveCfg = Debug|Any CPU
		{C62A0AD1-B5A5-4723-BE1D-5FA1923798CC}.Debug|Any CPU.Build.0 = Debug|Any CPU
		{C62A0AD1-B5A5-4723-BE1D-5FA1923798CC}.Release|Any CPU.ActiveCfg = Release|Any CPU
		{C62A0AD1-B5A5-4723-BE1D-5FA1923798CC}.Release|Any CPU.Build.0 = Release|Any CPU
		{2E2F7EF8-1A24-49EB-B99B-C8F808250365}.Debug|Any CPU.ActiveCfg = Debug|Any CPU
		{2E2F7EF8-1A24-49EB-B99B-C8F808250365}.Debug|Any CPU.Build.0 = Debug|Any CPU
		{2E2F7EF8-1A24-49EB-B99B-C8F808250365}.Release|Any CPU.ActiveCfg = Release|Any CPU
		{2E2F7EF8-1A24-49EB-B99B-C8F808250365}.Release|Any CPU.Build.0 = Release|Any CPU
	EndGlobalSection
	GlobalSection(SolutionProperties) = preSolution
		HideSolutionNode = FALSE
	EndGlobalSection
	GlobalSection(ExtensibilityGlobals) = postSolution
		SolutionGuid = {0106CF58-EFBB-4504-8ECB-0BEDBD876316}
	EndGlobalSection
EndGlobal
